
Microsoft Visual Studio Solution File, Format Version 12.00
# Visual Studio Version 16
VisualStudioVersion = 16.0.30128.74
MinimumVisualStudioVersion = 10.0.40219.1
Project("{FAE04EC0-301F-11D3-BF4B-00C04F79EFBC}") = "lesson-7", "lesson-7\lesson-7.csproj", "{B238C62B-0EC5-49C0-BB40-E39ED6503E7B}"
EndProject
Global
	GlobalSection(SolutionConfigurationPlatforms) = preSolution
		Debug|Any CPU = Debug|Any CPU
		Release|Any CPU = Release|Any CPU
	EndGlobalSection
	GlobalSection(ProjectConfigurationPlatforms) = postSolution
		{B238C62B-0EC5-49C0-BB40-E39ED6503E7B}.Debug|Any CPU.ActiveCfg = Debug|Any CPU
		{B238C62B-0EC5-49C0-BB40-E39ED6503E7B}.Debug|Any CPU.Build.0 = Debug|Any CPU
		{B238C62B-0EC5-49C0-BB40-E39ED6503E7B}.Release|Any CPU.ActiveCfg = Release|Any CPU
		{B238C62B-0EC5-49C0-BB40-E39ED6503E7B}.Release|Any CPU.Build.0 = Release|Any CPU
	EndGlobalSection
	GlobalSection(SolutionProperties) = preSolution
		HideSolutionNode = FALSE
	EndGlobalSection
	GlobalSection(ExtensibilityGlobals) = postSolution
		SolutionGuid = {4DB3419B-8AEF-4A0B-B2C2-60E777DB2656}
	EndGlobalSection
EndGlobal
