
Microsoft Visual Studio Solution File, Format Version 12.00
# Visual Studio Version 16
VisualStudioVersion = 16.0.30128.74
MinimumVisualStudioVersion = 10.0.40219.1
Project("{FAE04EC0-301F-11D3-BF4B-00C04F79EFBC}") = "lesson_5", "lesson_5\lesson_5.csproj", "{1BE5F6EF-9AEA-444F-880D-4A8CA0C89326}"
EndProject
Global
	GlobalSection(SolutionConfigurationPlatforms) = preSolution
		Debug|Any CPU = Debug|Any CPU
		Release|Any CPU = Release|Any CPU
	EndGlobalSection
	GlobalSection(ProjectConfigurationPlatforms) = postSolution
		{1BE5F6EF-9AEA-444F-880D-4A8CA0C89326}.Debug|Any CPU.ActiveCfg = Debug|Any CPU
		{1BE5F6EF-9AEA-444F-880D-4A8CA0C89326}.Debug|Any CPU.Build.0 = Debug|Any CPU
		{1BE5F6EF-9AEA-444F-880D-4A8CA0C89326}.Release|Any CPU.ActiveCfg = Release|Any CPU
		{1BE5F6EF-9AEA-444F-880D-4A8CA0C89326}.Release|Any CPU.Build.0 = Release|Any CPU
	EndGlobalSection
	GlobalSection(SolutionProperties) = preSolution
		HideSolutionNode = FALSE
	EndGlobalSection
	GlobalSection(ExtensibilityGlobals) = postSolution
		SolutionGuid = {2E1E5046-B770-48E9-97F6-9DC18BC6332F}
	EndGlobalSection
EndGlobal
